{
  "pins" : [
    {
      "identity" : "adsglobalpackage",
      "kind" : "remoteSourceControl",
      "location" : "https://github.com/bytedance/AdsGlobalPackage.git",
      "state" : {
        "revision" : "e2d9f0850c7f9ce6c3d1256208ca0c00418dd259",
        "version" : "8.1.1-release.1"
      }
    },
    {
      "identity" : "applovin-max-swift-package",
      "kind" : "remoteSourceControl",
      "location" : "https://github.com/AppLovin/AppLovin-MAX-Swift-Package.git",
      "state" : {
        "revision" : "ab755a46ff19a9a578e709aeee49653a9239f225",
        "version" : "13.6.3"
      }
    },
    {
      "identity" : "bidmachine-spm",
      "kind" : "remoteSourceControl",
      "location" : "https://github.com/bidmachine/BidMachine-SPM.git",
      "state" : {
        "revision" : "8534877b371cb42d26bd6cd57f34e28e05b88059",
        "version" : "3.7.1"
      }
    },
    {
      "identity" : "dtexchangesdk-ios-spm",
      "kind" : "remoteSourceControl",
      "location" : "https://github.com/inner-active/DTExchangeSDK-iOS-SPM.git",
      "state" : {
        "revision" : "b8e1d9dcbea2c8df8e342595e591ec78f235814d",
        "version" : "8.4.7"
      }
    },
    {
      "identity" : "fbaudiencenetwork",
      "kind" : "remoteSourceControl",
      "location" : "https://github.com/facebook/FBAudienceNetwork.git",
      "state" : {
        "revision" : "0b7bd807fff993055838e6d6a410eddf590c09ac",
        "version" : "6.21.1"
      }
    },
    {
      "identity" : "inmobisdk-swift-package",
      "kind" : "remoteSourceControl",
      "location" : "https://github.com/InMobi/InMobiSDK-Swift-Package.git",
      "state" : {
        "revision" : "c9a81612b29005ae88ea155bb785d9cdb2fe9667",
        "version" : "11.3.0"
      }
    },
    {
      "identity" : "levelplay-swift-package",
      "kind" : "remoteSourceControl",
      "location" : "https://github.com/ironsource-mobile/LevelPlay-Swift-Package.git",
      "state" : {
        "revision" : "2ee002119191ac75ec515a5cb9f3eec0f94d0e8f",
        "version" : "9.4.0"
      }
    },
    {
      "identity" : "mintegraladsdk-swift-package",
      "kind" : "remoteSourceControl",
      "location" : "https://github.com/Mintegral-official/MintegralAdSDK-Swift-Package.git",
      "state" : {
        "revision" : "85766287bfef7536a6da5ba101dc4da1d9d0cbc1",
        "version" : "8.1.5"
      }
    },
    {
      "identity" : "moloco-sdk-ios-spm",
      "kind" : "remoteSourceControl",
      "location" : "https://github.com/moloco/moloco-sdk-ios-spm.git",
      "state" : {
        "revision" : "c86d79495821fa953e06be3511d296a793537cdd",
        "version" : "4.8.1"
      }
    },
    {
      "identity" : "ogury-sdk-spm",
      "kind" : "remoteSourceControl",
      "location" : "https://github.com/Ogury/ogury-sdk-spm.git",
      "state" : {
        "revision" : "13cbb47f4829b0acdedd74b5227e3c5a56d306a0",
        "version" : "5.2.3"
      }
    },
    {
      "identity" : "omsdk-appodeal-ios-package",
      "kind" : "remoteSourceControl",
      "location" : "https://github.com/bidmachine/OMSDK-Appodeal-iOS-Package",
      "state" : {
        "revision" : "4bf273b11b7e54055272330ee2a2329b0f1d19e9",
        "version" : "1.6.3"
      }
    },
    {
      "identity" : "openwrapsdk-swift-package",
      "kind" : "remoteSourceControl",
      "location" : "https://github.com/PubMatic/OpenWrapSDK-Swift-Package.git",
      "state" : {
        "revision" : "580ccd7d8f966a2bfd2614a88a44bc1a13419b1f",
        "version" : "5.1.1"
      }
    },
    {
      "identity" : "revup-ios-chartboost",
      "kind" : "remoteSourceControl",
      "location" : "https://github.com/revup-tnk/REVUP-iOS-ChartBoost.git",
      "state" : {
        "revision" : "632e1f0b959e0ebeccdd77433cb73ac8692c906d",
        "version" : "1.1.0"
      }
    },
    {
      "identity" : "revupcore-spm",
      "kind" : "remoteSourceControl",
      "location" : "https://github.com/revup-tnk/REVUPCore-SPM.git",
      "state" : {
        "revision" : "c603c3ec3ea264de634f7c734267ab1ebbd4aacc",
        "version" : "1.1.11"
      }
    },
    {
      "identity" : "revupluckyevent-spm",
      "kind" : "remoteSourceControl",
      "location" : "https://github.com/revup-tnk/REVUPLuckyEvent-SPM.git",
      "state" : {
        "revision" : "a1482192af3e30c2c43f32d72d2fe3d660cbc779",
        "version" : "1.1.10"
      }
    },
    {
      "identity" : "revupmediaadmanager-spm",
      "kind" : "remoteSourceControl",
      "location" : "https://github.com/revup-tnk/REVUPMediaAdManager-SPM.git",
      "state" : {
        "revision" : "aded6217609dfbc61104cdb19e279c4591a84627",
        "version" : "1.1.0"
      }
    },
    {
      "identity" : "revupmediaadmob-spm",
      "kind" : "remoteSourceControl",
      "location" : "https://github.com/revup-tnk/REVUPMediaAdMob-SPM.git",
      "state" : {
        "revision" : "14043d59ea2141b8af62e5e0fd5d5c85c91e757d",
        "version" : "1.1.0"
      }
    },
    {
      "identity" : "revupmediachartboost-spm",
      "kind" : "remoteSourceControl",
      "location" : "https://github.com/revup-tnk/REVUPMediaChartBoost-SPM.git",
      "state" : {
        "revision" : "517cc4ca0002b1d97cd78e8758b4826f65e931b0",
        "version" : "1.1.0"
      }
    },
    {
      "identity" : "revupmediamax-spm",
      "kind" : "remoteSourceControl",
      "location" : "https://github.com/revup-tnk/REVUPMediaMax-SPM.git",
      "state" : {
        "revision" : "ff4644aaaf87c676b614dd41ef48a96460f22ac0",
        "version" : "1.1.0"
      }
    },
    {
      "identity" : "revupmediamaxadapteradmanager-spm",
      "kind" : "remoteSourceControl",
      "location" : "https://github.com/revup-tnk/REVUPMediaMaxAdapterAdManager-SPM.git",
      "state" : {
        "revision" : "098996e3a09b9404ba2f43c1681080d89700fda7",
        "version" : "1.1.0"
      }
    },
    {
      "identity" : "revupmediamaxadapteradmob-spm",
      "kind" : "remoteSourceControl",
      "location" : "https://github.com/revup-tnk/REVUPMediaMaxAdapterAdMob-SPM.git",
      "state" : {
        "revision" : "32b87d732254e9be612cb62d481cf801c0fbabaf",
        "version" : "1.1.0"
      }
    },
    {
      "identity" : "revupmediamaxadapterbidmachine-spm",
      "kind" : "remoteSourceControl",
      "location" : "https://github.com/revup-tnk/REVUPMediaMaxAdapterBidMachine-SPM.git",
      "state" : {
        "revision" : "0e46c0a08a82cbda9084a33777389ac41febf037",
        "version" : "1.1.0"
      }
    },
    {
      "identity" : "revupmediamaxadapterbigo-spm",
      "kind" : "remoteSourceControl",
      "location" : "https://github.com/revup-tnk/REVUPMediaMaxAdapterBigo-SPM.git",
      "state" : {
        "revision" : "e081c2ed8ba1c3a8f939bfa39a16daa0c8458bb5",
        "version" : "1.1.0"
      }
    },
    {
      "identity" : "revupmediamaxadapterchartboost-spm",
      "kind" : "remoteSourceControl",
      "location" : "https://github.com/revup-tnk/REVUPMediaMaxAdapterChartBoost-SPM.git",
      "state" : {
        "revision" : "48b5c159d438bb895c6120320c22cc4c02660e3d",
        "version" : "1.1.0"
      }
    },
    {
      "identity" : "revupmediamaxadapterdtexchange-spm",
      "kind" : "remoteSourceControl",
      "location" : "https://github.com/revup-tnk/REVUPMediaMaxAdapterDTExchange-SPM.git",
      "state" : {
        "revision" : "34c1554905df5e4eeae2b51f979550256ed8038f",
        "version" : "1.1.1"
      }
    },
    {
      "identity" : "revupmediamaxadapterfan-spm",
      "kind" : "remoteSourceControl",
      "location" : "https://github.com/revup-tnk/REVUPMediaMaxAdapterFan-SPM.git",
      "state" : {
        "revision" : "e078d124eb8a30986963cbcc94a7920fbf3bd54c",
        "version" : "1.1.0"
      }
    },
    {
      "identity" : "revupmediamaxadapterinmobi-spm",
      "kind" : "remoteSourceControl",
      "location" : "https://github.com/revup-tnk/REVUPMediaMaxAdapterInMobi-SPM.git",
      "state" : {
        "revision" : "20b8986163ba53ba0184c140777f03411576bcb6",
        "version" : "1.1.0"
      }
    },
    {
      "identity" : "revupmediamaxadapterironsource-spm",
      "kind" : "remoteSourceControl",
      "location" : "https://github.com/revup-tnk/REVUPMediaMaxAdapterIronSource-SPM.git",
      "state" : {
        "revision" : "fc469cea709eeaf4da62f601d089bd08b89a726e",
        "version" : "1.1.0"
      }
    },
    {
      "identity" : "revupmediamaxadapterline-spm",
      "kind" : "remoteSourceControl",
      "location" : "https://github.com/revup-tnk/REVUPMediaMaxAdapterLine-SPM.git",
      "state" : {
        "revision" : "670340e21fe6a8f5917496bf16990b11fd623ce2",
        "version" : "1.1.0"
      }
    },
    {
      "identity" : "revupmediamaxadaptermobvista-spm",
      "kind" : "remoteSourceControl",
      "location" : "https://github.com/revup-tnk/REVUPMediaMaxAdapterMobVista-SPM.git",
      "state" : {
        "revision" : "dbcb012d7ad0f3229eb20f4e6b2e4d2ccb374118",
        "version" : "1.1.0"
      }
    },
    {
      "identity" : "revupmediamaxadaptermoloco-spm",
      "kind" : "remoteSourceControl",
      "location" : "https://github.com/revup-tnk/REVUPMediaMaxAdapterMoloco-SPM.git",
      "state" : {
        "revision" : "f8243bf714b21f3dfc7fa964e594ba858d7b4587",
        "version" : "1.1.0"
      }
    },
    {
      "identity" : "revupmediamaxadapterogury-spm",
      "kind" : "remoteSourceControl",
      "location" : "https://github.com/revup-tnk/REVUPMediaMaxAdapterOgury-SPM.git",
      "state" : {
        "revision" : "59e4b7429d7352972ae9c920da3eb2dca2eb60fe",
        "version" : "1.1.0"
      }
    },
    {
      "identity" : "revupmediamaxadapterpangle-spm",
      "kind" : "remoteSourceControl",
      "location" : "https://github.com/revup-tnk/REVUPMediaMaxAdapterPangle-SPM.git",
      "state" : {
        "revision" : "c44b700d6b89ca0cbef61ba29863a9582e6d9bab",
        "version" : "1.1.0"
      }
    },
    {
      "identity" : "revupmediamaxadapterpubmatic-spm",
      "kind" : "remoteSourceControl",
      "location" : "https://github.com/revup-tnk/REVUPMediaMaxAdapterPubMatic-SPM.git",
      "state" : {
        "revision" : "46e791a88f744277ed25a5e77f723c99d340c456",
        "version" : "1.1.0"
      }
    },
    {
      "identity" : "revupmediamaxadapterunityads-spm",
      "kind" : "remoteSourceControl",
      "location" : "https://github.com/revup-tnk/REVUPMediaMaxAdapterUnityAds-SPM.git",
      "state" : {
        "revision" : "f5ab6063dc1a37c1516e70d685771df303520d59",
        "version" : "1.1.0"
      }
    },
    {
      "identity" : "revupmediamaxadaptervungle-spm",
      "kind" : "remoteSourceControl",
      "location" : "https://github.com/revup-tnk/REVUPMediaMaxAdapterVungle-SPM.git",
      "state" : {
        "revision" : "38ca362f2d8692199548da5f08a25c90c8b55dab",
        "version" : "1.1.0"
      }
    },
    {
      "identity" : "revupmediapangle-spm",
      "kind" : "remoteSourceControl",
      "location" : "https://github.com/revup-tnk/REVUPMediaPangle-SPM.git",
      "state" : {
        "revision" : "6f8a5eb6e3fd15b1eb4e199b0f1055b0f963f7d0",
        "version" : "1.1.0"
      }
    },
    {
      "identity" : "revupmediatnkpub-spm",
      "kind" : "remoteSourceControl",
      "location" : "https://github.com/revup-tnk/REVUPMediaTnkPub-SPM.git",
      "state" : {
        "revision" : "2e6099c003532789eb8ac576a21855aaec3c829f",
        "version" : "1.1.0"
      }
    },
    {
      "identity" : "revupmediavungle-spm",
      "kind" : "remoteSourceControl",
      "location" : "https://github.com/revup-tnk/REVUPMediaVungle-SPM.git",
      "state" : {
        "revision" : "f92ff271b865994a5159ba08b96407cb2ecaaf35",
        "version" : "1.1.0"
      }
    },
    {
      "identity" : "swift-package-manager-fivead",
      "kind" : "remoteSourceControl",
      "location" : "https://github.com/ly-ads-network/swift-package-manager-fivead.git",
      "state" : {
        "revision" : "7daac26259185d5e375f3e2268d4310143be561e",
        "version" : "3.0.1"
      }
    },
    {
      "identity" : "swift-package-manager-google-mobile-ads",
      "kind" : "remoteSourceControl",
      "location" : "https://github.com/googleads/swift-package-manager-google-mobile-ads.git",
      "state" : {
        "revision" : "7651abff585dc8dacd1744222d5f03bdd2a8532a",
        "version" : "13.6.0"
      }
    },
    {
      "identity" : "swift-package-manager-google-user-messaging-platform",
      "kind" : "remoteSourceControl",
      "location" : "https://github.com/googleads/swift-package-manager-google-user-messaging-platform.git",
      "state" : {
        "revision" : "13b248eaa73b7826f0efb1bcf455e251d65ecb1b",
        "version" : "3.1.0"
      }
    },
    {
      "identity" : "unity-ad-quality-swift-package",
      "kind" : "remoteSourceControl",
      "location" : "https://github.com/ironsource-mobile/Unity-Ad-Quality-Swift-Package",
      "state" : {
        "revision" : "4fa6b6029e4489ae489216108c4f7ed8378bca9d",
        "version" : "9.4.0"
      }
    },
    {
      "identity" : "unity-ads-swift-package",
      "kind" : "remoteSourceControl",
      "location" : "https://github.com/Unity-Technologies/Unity-Ads-Swift-Package.git",
      "state" : {
        "revision" : "15e46d4d96b941eb0bc9ae8b9d97574b29618f4d",
        "version" : "4.19.0"
      }
    },
    {
      "identity" : "vungleadssdk-swiftpackagemanager",
      "kind" : "remoteSourceControl",
      "location" : "https://github.com/Vungle/VungleAdsSDK-SwiftPackageManager.git",
      "state" : {
        "revision" : "73e7f5cb0541f2040ca5e4fe17c159f18202ea6d",
        "version" : "7.7.2"
      }
    }
  ],
  "version" : 2
}
